
Microsoft Visual Studio Solution File, Format Version 12.00
# Visual Studio Version 17
VisualStudioVersion = 17.11.35208.52
MinimumVisualStudioVersion = 10.0.40219.1
Project("{FAE04EC0-301F-11D3-BF4B-00C04F79EFBC}") = "RockPaperScissors", "RockPaperScissors\RockPaperScissors.csproj", "{78E9534D-E313-491A-813D-8EFA5D2A314A}"
EndProject
Global
	GlobalSection(SolutionConfigurationPlatforms) = preSolution
		Debug|Any CPU = Debug|Any CPU
		Release|Any CPU = Release|Any CPU
	EndGlobalSection
	GlobalSection(ProjectConfigurationPlatforms) = postSolution
		{78E9534D-E313-491A-813D-8EFA5D2A314A}.Debug|Any CPU.ActiveCfg = Debug|Any CPU
		{78E9534D-E313-491A-813D-8EFA5D2A314A}.Debug|Any CPU.Build.0 = Debug|Any CPU
		{78E9534D-E313-491A-813D-8EFA5D2A314A}.Release|Any CPU.ActiveCfg = Release|Any CPU
		{78E9534D-E313-491A-813D-8EFA5D2A314A}.Release|Any CPU.Build.0 = Release|Any CPU
	EndGlobalSection
	GlobalSection(SolutionProperties) = preSolution
		HideSolutionNode = FALSE
	EndGlobalSection
	GlobalSection(ExtensibilityGlobals) = postSolution
		SolutionGuid = {EBF40059-852D-4441-BDA9-EE35E515AEB1}
	EndGlobalSection
EndGlobal
